// !$*UTF8*$!
{
	archiveVersion = 1;
	classes = {
	};
	objectVersion = 46;
	objects = {

/* Begin PBXBuildFile section */
		845A12991B042BE6003FB047 /* main.m in Sources */ = {isa = PBXBuildFile; fileRef = 845A12981B042BE6003FB047 /* main.m */; };
		845A129C1B042BE6003FB047 /* AppDelegate.m in Sources */ = {isa = PBXBuildFile; fileRef = 845A129B1B042BE6003FB047 /* AppDelegate.m */; };
		845A129F1B042BE6003FB047 /* ViewController.m in Sources */ = {isa = PBXBuildFile; fileRef = 845A129E1B042BE6003FB047 /* ViewController.m */; };
		845A12A21B042BE6003FB047 /* Main.storyboard in Resources */ = {isa = PBXBuildFile; fileRef = 845A12A01B042BE6003FB047 /* Main.storyboard */; };
		845A12A41B042BE6003FB047 /* Images.xcassets in Resources */ = {isa = PBXBuildFile; fileRef = 845A12A31B042BE6003FB047 /* Images.xcassets */; };
		845A12A71B042BE6003FB047 /* LaunchScreen.xib in Resources */ = {isa = PBXBuildFile; fileRef = 845A12A51B042BE6003FB047 /* LaunchScreen.xib */; };
		845A12B31B042BE6003FB047 /* EliminateTests.m in Sources */ = {isa = PBXBuildFile; fileRef = 845A12B21B042BE6003FB047 /* EliminateTests.m */; };
		845A12C11B042F73003FB047 /* EButton.m in Sources */ = {isa = PBXBuildFile; fileRef = 845A12C01B042F73003FB047 /* EButton.m */; };
		845A12C41B049BB9003FB047 /* EView.m in Sources */ = {isa = PBXBuildFile; fileRef = 845A12C31B049BB9003FB047 /* EView.m */; };
/* End PBXBuildFile section */

/* Begin PBXContainerItemProxy section */
		845A12AD1B042BE6003FB047 /* PBXContainerItemProxy */ = {
			isa = PBXContainerItemProxy;
			containerPortal = 845A128B1B042BE6003FB047 /* Project object */;
			proxyType = 1;
			remoteGlobalIDString = 845A12921B042BE6003FB047;
			remoteInfo = Eliminate;
		};
/* End PBXContainerItemProxy section */

/* Begin PBXFileReference section */
		845A12931B042BE6003FB047 /* Eliminate.app */ = {isa = PBXFileReference; explicitFileType = wrapper.application; includeInIndex = 0; path = Eliminate.app; sourceTree = BUILT_PRODUCTS_DIR; };
		845A12971B042BE6003FB047 /* Info.plist */ = {isa = PBXFileReference; lastKnownFileType = text.plist.xml; path = Info.plist; sourceTree = "<group>"; };
		845A12981B042BE6003FB047 /* main.m */ = {isa = PBXFileReference; lastKnownFileType = sourcecode.c.objc; path = main.m; sourceTree = "<group>"; };
		845A129A1B042BE6003FB047 /* AppDelegate.h */ = {isa = PBXFileReference; lastKnownFileType = sourcecode.c.h; path = AppDelegate.h; sourceTree = "<group>"; };
		845A129B1B042BE6003FB047 /* AppDelegate.m */ = {isa = PBXFileReference; lastKnownFileType = sourcecode.c.objc; path = AppDelegate.m; sourceTree = "<group>"; };
		845A129D1B042BE6003FB047 /* ViewController.h */ = {isa = PBXFileReference; lastKnownFileType = sourcecode.c.h; path = ViewController.h; sourceTree = "<group>"; };
		845A129E1B042BE6003FB047 /* ViewController.m */ = {isa = PBXFileReference; lastKnownFileType = sourcecode.c.objc; path = ViewController.m; sourceTree = "<group>"; };
		845A12A11B042BE6003FB047 /* Base */ = {isa = PBXFileReference; lastKnownFileType = file.storyboard; name = Base; path = Base.lproj/Main.storyboard; sourceTree = "<group>"; };
		845A12A31B042BE6003FB047 /* Images.xcassets */ = {isa = PBXFileReference; lastKnownFileType = folder.assetcatalog; path = Images.xcassets; sourceTree = "<group>"; };
		845A12A61B042BE6003FB047 /* Base */ = {isa = PBXFileReference; lastKnownFileType = file.xib; name = Base; path = Base.lproj/LaunchScreen.xib; sourceTree = "<group>"; };
		845A12AC1B042BE6003FB047 /* EliminateTests.xctest */ = {isa = PBXFileReference; explicitFileType = wrapper.cfbundle; includeInIndex = 0; path = EliminateTests.xctest; sourceTree = BUILT_PRODUCTS_DIR; };
		845A12B11B042BE6003FB047 /* Info.plist */ = {isa = PBXFileReference; lastKnownFileType = text.plist.xml; path = Info.plist; sourceTree = "<group>"; };
		845A12B21B042BE6003FB047 /* EliminateTests.m */ = {isa = PBXFileReference; lastKnownFileType = sourcecode.c.objc; path = EliminateTests.m; sourceTree = "<group>"; };
		845A12BF1B042F73003FB047 /* EButton.h */ = {isa = PBXFileReference; fileEncoding = 4; lastKnownFileType = sourcecode.c.h; path = EButton.h; sourceTree = "<group>"; };
		845A12C01B042F73003FB047 /* EButton.m */ = {isa = PBXFileReference; fileEncoding = 4; lastKnownFileType = sourcecode.c.objc; path = EButton.m; sourceTree = "<group>"; };
		845A12C21B049BB9003FB047 /* EView.h */ = {isa = PBXFileReference; fileEncoding = 4; lastKnownFileType = sourcecode.c.h; path = EView.h; sourceTree = "<group>"; };
		845A12C31B049BB9003FB047 /* EView.m */ = {isa = PBXFileReference; fileEncoding = 4; lastKnownFileType = sourcecode.c.objc; path = EView.m; sourceTree = "<group>"; };
/* End PBXFileReference section */

/* Begin PBXFrameworksBuildPhase section */
		845A12901B042BE6003FB047 /* Frameworks */ = {
			isa = PBXFrameworksBuildPhase;
			buildActionMask = 2147483647;
			files = (
			);
			runOnlyForDeploymentPostprocessing = 0;
		};
		845A12A91B042BE6003FB047 /* Frameworks */ = {
			isa = PBXFrameworksBuildPhase;
			buildActionMask = 2147483647;
			files = (
			);
			runOnlyForDeploymentPostprocessing = 0;
		};
/* End PBXFrameworksBuildPhase section */

/* Begin PBXGroup section */
		845A128A1B042BE6003FB047 = {
			isa = PBXGroup;
			children = (
				845A12C21B049BB9003FB047 /* EView.h */,
				845A12C31B049BB9003FB047 /* EView.m */,
				845A12BF1B042F73003FB047 /* EButton.h */,
				845A12C01B042F73003FB047 /* EButton.m */,
				845A12951B042BE6003FB047 /* Eliminate */,
				845A12AF1B042BE6003FB047 /* EliminateTests */,
				845A12941B042BE6003FB047 /* Products */,
			);
			sourceTree = "<group>";
		};
		845A12941B042BE6003FB047 /* Products */ = {
			isa = PBXGroup;
			children = (
				845A12931B042BE6003FB047 /* Eliminate.app */,
				845A12AC1B042BE6003FB047 /* EliminateTests.xctest */,
			);
			name = Products;
			sourceTree = "<group>";
		};
		845A12951B042BE6003FB047 /* Eliminate */ = {
			isa = PBXGroup;
			children = (
				845A129A1B042BE6003FB047 /* AppDelegate.h */,
				845A129B1B042BE6003FB047 /* AppDelegate.m */,
				845A129D1B042BE6003FB047 /* ViewController.h */,
				845A129E1B042BE6003FB047 /* ViewController.m */,
				845A12A01B042BE6003FB047 /* Main.storyboard */,
				845A12A31B042BE6003FB047 /* Images.xcassets */,
				845A12A51B042BE6003FB047 /* LaunchScreen.xib */,
				845A12961B042BE6003FB047 /* Supporting Files */,
			);
			path = Eliminate;
			sourceTree = "<group>";
		};
		845A12961B042BE6003FB047 /* Supporting Files */ = {
			isa = PBXGroup;
			children = (
				845A12971B042BE6003FB047 /* Info.plist */,
				845A12981B042BE6003FB047 /* main.m */,
			);
			name = "Supporting Files";
			sourceTree = "<group>";
		};
		845A12AF1B042BE6003FB047 /* EliminateTests */ = {
			isa = PBXGroup;
			children = (
				845A12B21B042BE6003FB047 /* EliminateTests.m */,
				845A12B01B042BE6003FB047 /* Supporting Files */,
			);
			path = EliminateTests;
			sourceTree = "<group>";
		};
		845A12B01B042BE6003FB047 /* Supporting Files */ = {
			isa = PBXGroup;
			children = (
				845A12B11B042BE6003FB047 /* Info.plist */,
			);
			name = "Supporting Files";
			sourceTree = "<group>";
		};
/* End PBXGroup section */

/* Begin PBXNativeTarget section */
		845A12921B042BE6003FB047 /* Eliminate */ = {
			isa = PBXNativeTarget;
			buildConfigurationList = 845A12B61B042BE6003FB047 /* Build configuration list for PBXNativeTarget "Eliminate" */;
			buildPhases = (
				845A128F1B042BE6003FB047 /* Sources */,
				845A12901B042BE6003FB047 /* Frameworks */,
				845A12911B042BE6003FB047 /* Resources */,
			);
			buildRules = (
			);
			dependencies = (
			);
			name = Eliminate;
			productName = Eliminate;
			productReference = 845A12931B042BE6003FB047 /* Eliminate.app */;
			productType = "com.apple.product-type.application";
		};
		845A12AB1B042BE6003FB047 /* EliminateTests */ = {
			isa = PBXNativeTarget;
			buildConfigurationList = 845A12B91B042BE6003FB047 /* Build configuration list for PBXNativeTarget "EliminateTests" */;
			buildPhases = (
				845A12A81B042BE6003FB047 /* Sources */,
				845A12A91B042BE6003FB047 /* Frameworks */,
				845A12AA1B042BE6003FB047 /* Resources */,
			);
			buildRules = (
			);
			dependencies = (
				845A12AE1B042BE6003FB047 /* PBXTargetDependency */,
			);
			name = EliminateTests;
			productName = EliminateTests;
			productReference = 845A12AC1B042BE6003FB047 /* EliminateTests.xctest */;
			productType = "com.apple.product-type.bundle.unit-test";
		};
/* End PBXNativeTarget section */

/* Begin PBXProject section */
		845A128B1B042BE6003FB047 /* Project object */ = {
			isa = PBXProject;
			attributes = {
				LastUpgradeCheck = 0630;
				ORGANIZATIONNAME = "裕福";
				TargetAttributes = {
					845A12921B042BE6003FB047 = {
						CreatedOnToolsVersion = 6.3.1;
					};
					845A12AB1B042BE6003FB047 = {
						CreatedOnToolsVersion = 6.3.1;
						TestTargetID = 845A12921B042BE6003FB047;
					};
				};
			};
			buildConfigurationList = 845A128E1B042BE6003FB047 /* Build configuration list for PBXProject "Eliminate" */;
			compatibilityVersion = "Xcode 3.2";
			developmentRegion = English;
			hasScannedForEncodings = 0;
			knownRegions = (
				en,
				Base,
			);
			mainGroup = 845A128A1B042BE6003FB047;
			productRefGroup = 845A12941B042BE6003FB047 /* Products */;
			projectDirPath = "";
			projectRoot = "";
			targets = (
				845A12921B042BE6003FB047 /* Eliminate */,
				845A12AB1B042BE6003FB047 /* EliminateTests */,
			);
		};
/* End PBXProject section */

/* Begin PBXResourcesBuildPhase section */
		845A12911B042BE6003FB047 /* Resources */ = {
			isa = PBXResourcesBuildPhase;
			buildActionMask = 2147483647;
			files = (
				845A12A21B042BE6003FB047 /* Main.storyboard in Resources */,
				845A12A71B042BE6003FB047 /* LaunchScreen.xib in Resources */,
				845A12A41B042BE6003FB047 /* Images.xcassets in Resources */,
			);
			runOnlyForDeploymentPostprocessing = 0;
		};
		845A12AA1B042BE6003FB047 /* Resources */ = {
			isa = PBXResourcesBuildPhase;
			buildActionMask = 2147483647;
			files = (
			);
			runOnlyForDeploymentPostprocessing = 0;
		};
/* End PBXResourcesBuildPhase section */

/* Begin PBXSourcesBuildPhase section */
		845A128F1B042BE6003FB047 /* Sources */ = {
			isa = PBXSourcesBuildPhase;
			buildActionMask = 2147483647;
			files = (
				845A12C41B049BB9003FB047 /* EView.m in Sources */,
				845A12C11B042F73003FB047 /* EButton.m in Sources */,
				845A129F1B042BE6003FB047 /* ViewController.m in Sources */,
				845A129C1B042BE6003FB047 /* AppDelegate.m in Sources */,
				845A12991B042BE6003FB047 /* main.m in Sources */,
			);
			runOnlyForDeploymentPostprocessing = 0;
		};
		845A12A81B042BE6003FB047 /* Sources */ = {
			isa = PBXSourcesBuildPhase;
			buildActionMask = 2147483647;
			files = (
				845A12B31B042BE6003FB047 /* EliminateTests.m in Sources */,
			);
			runOnlyForDeploymentPostprocessing = 0;
		};
/* End PBXSourcesBuildPhase section */

/* Begin PBXTargetDependency section */
		845A12AE1B042BE6003FB047 /* PBXTargetDependency */ = {
			isa = PBXTargetDependency;
			target = 845A12921B042BE6003FB047 /* Eliminate */;
			targetProxy = 845A12AD1B042BE6003FB047 /* PBXContainerItemProxy */;
		};
/* End PBXTargetDependency section */

/* Begin PBXVariantGroup section */
		845A12A01B042BE6003FB047 /* Main.storyboard */ = {
			isa = PBXVariantGroup;
			children = (
				845A12A11B042BE6003FB047 /* Base */,
			);
			name = Main.storyboard;
			sourceTree = "<group>";
		};
		845A12A51B042BE6003FB047 /* LaunchScreen.xib */ = {
			isa = PBXVariantGroup;
			children = (
				845A12A61B042BE6003FB047 /* Base */,
			);
			name = LaunchScreen.xib;
			sourceTree = "<group>";
		};
/* End PBXVariantGroup section */

/* Begin XCBuildConfiguration section */
		845A12B41B042BE6003FB047 /* Debug */ = {
			isa = XCBuildConfiguration;
			buildSettings = {
				ALWAYS_SEARCH_USER_PATHS = NO;
				CLANG_CXX_LANGUAGE_STANDARD = "gnu++0x";
				CLANG_CXX_LIBRARY = "libc++";
				CLANG_ENABLE_MODULES = YES;
				CLANG_ENABLE_OBJC_ARC = YES;
				CLANG_WARN_BOOL_CONVERSION = YES;
				CLANG_WARN_CONSTANT_CONVERSION = YES;
				CLANG_WARN_DIRECT_OBJC_ISA_USAGE = YES_ERROR;
				CLANG_WARN_EMPTY_BODY = YES;
				CLANG_WARN_ENUM_CONVERSION = YES;
				CLANG_WARN_INT_CONVERSION = YES;
				CLANG_WARN_OBJC_ROOT_CLASS = YES_ERROR;
				CLANG_WARN_UNREACHABLE_CODE = YES;
				CLANG_WARN__DUPLICATE_METHOD_MATCH = YES;
				"CODE_SIGN_IDENTITY[sdk=iphoneos*]" = "iPhone Developer";
				COPY_PHASE_STRIP = NO;
				DEBUG_INFORMATION_FORMAT = "dwarf-with-dsym";
				ENABLE_STRICT_OBJC_MSGSEND = YES;
				GCC_C_LANGUAGE_STANDARD = gnu99;
				GCC_DYNAMIC_NO_PIC = NO;
				GCC_NO_COMMON_BLOCKS = YES;
				GCC_OPTIMIZATION_LEVEL = 0;
				GCC_PREPROCESSOR_DEFINITIONS = (
					"DEBUG=1",
					"$(inherited)",
				);
				GCC_SYMBOLS_PRIVATE_EXTERN = NO;
				GCC_WARN_64_TO_32_BIT_CONVERSION = YES;
				GCC_WARN_ABOUT_RETURN_TYPE = YES_ERROR;
				GCC_WARN_UNDECLARED_SELECTOR = YES;
				GCC_WARN_UNINITIALIZED_AUTOS = YES_AGGRESSIVE;
				GCC_WARN_UNUSED_FUNCTION = YES;
				GCC_WARN_UNUSED_VARIABLE = YES;
				IPHONEOS_DEPLOYMENT_TARGET = 8.3;
				MTL_ENABLE_DEBUG_INFO = YES;
				ONLY_ACTIVE_ARCH = YES;
				SDKROOT = iphoneos;
				TARGETED_DEVICE_FAMILY = "1,2";
			};
			name = Debug;
		};
		845A12B51B042BE6003FB047 /* Release */ = {
			isa = XCBuildConfiguration;
			buildSettings = {
				ALWAYS_SEARCH_USER_PATHS = NO;
				CLANG_CXX_LANGUAGE_STANDARD = "gnu++0x";
				CLANG_CXX_LIBRARY = "libc++";
				CLANG_ENABLE_MODULES = YES;
				CLANG_ENABLE_OBJC_ARC = YES;
				CLANG_WARN_BOOL_CONVERSION = YES;
				CLANG_WARN_CONSTANT_CONVERSION = YES;
				CLANG_WARN_DIRECT_OBJC_ISA_USAGE = YES_ERROR;
				CLANG_WARN_EMPTY_BODY = YES;
				CLANG_WARN_ENUM_CONVERSION = YES;
				CLANG_WARN_INT_CONVERSION = YES;
				CLANG_WARN_OBJC_ROOT_CLASS = YES_ERROR;
				CLANG_WARN_UNREACHABLE_CODE = YES;
				CLANG_WARN__DUPLICATE_METHOD_MATCH = YES;
				"CODE_SIGN_IDENTITY[sdk=iphoneos*]" = "iPhone Developer";
				COPY_PHASE_STRIP = NO;
				DEBUG_INFORMATION_FORMAT = "dwarf-with-dsym";
				ENABLE_NS_ASSERTIONS = NO;
				ENABLE_STRICT_OBJC_MSGSEND = YES;
				GCC_C_LANGUAGE_STANDARD = gnu99;
				GCC_NO_COMMON_BLOCKS = YES;
				GCC_WARN_64_TO_32_BIT_CONVERSION = YES;
				GCC_WARN_ABOUT_RETURN_TYPE = YES_ERROR;
				GCC_WARN_UNDECLARED_SELECTOR = YES;
				GCC_WARN_UNINITIALIZED_AUTOS = YES_AGGRESSIVE;
				GCC_WARN_UNUSED_FUNCTION = YES;
				GCC_WARN_UNUSED_VARIABLE = YES;
				IPHONEOS_DEPLOYMENT_TARGET = 8.3;
				MTL_ENABLE_DEBUG_INFO = NO;
				SDKROOT = iphoneos;
				TARGETED_DEVICE_FAMILY = "1,2";
				VALIDATE_PRODUCT = YES;
			};
			name = Release;
		};
		845A12B71B042BE6003FB047 /* Debug */ = {
			isa = XCBuildConfiguration;
			buildSettings = {
				ASSETCATALOG_COMPILER_APPICON_NAME = AppIcon;
				INFOPLIST_FILE = Eliminate/Info.plist;
				LD_RUNPATH_SEARCH_PATHS = "$(inherited) @executable_path/Frameworks";
				PRODUCT_NAME = "$(TARGET_NAME)";
			};
			name = Debug;
		};
		845A12B81B042BE6003FB047 /* Release */ = {
			isa = XCBuildConfiguration;
			buildSettings = {
				ASSETCATALOG_COMPILER_APPICON_NAME = AppIcon;
				INFOPLIST_FILE = Eliminate/Info.plist;
				LD_RUNPATH_SEARCH_PATHS = "$(inherited) @executable_path/Frameworks";
				PRODUCT_NAME = "$(TARGET_NAME)";
			};
			name = Release;
		};
		845A12BA1B042BE6003FB047 /* Debug */ = {
			isa = XCBuildConfiguration;
			buildSettings = {
				BUNDLE_LOADER = "$(TEST_HOST)";
				FRAMEWORK_SEARCH_PATHS = (
					"$(SDKROOT)/Developer/Library/Frameworks",
					"$(inherited)",
				);
				GCC_PREPROCESSOR_DEFINITIONS = (
					"DEBUG=1",
					"$(inherited)",
				);
				INFOPLIST_FILE = EliminateTests/Info.plist;
				LD_RUNPATH_SEARCH_PATHS = "$(inherited) @executable_path/Frameworks @loader_path/Frameworks";
				PRODUCT_NAME = "$(TARGET_NAME)";
				TEST_HOST = "$(BUILT_PRODUCTS_DIR)/Eliminate.app/Eliminate";
			};
			name = Debug;
		};
		845A12BB1B042BE6003FB047 /* Release */ = {
			isa = XCBuildConfiguration;
			buildSettings = {
				BUNDLE_LOADER = "$(TEST_HOST)";
				FRAMEWORK_SEARCH_PATHS = (
					"$(SDKROOT)/Developer/Library/Frameworks",
					"$(inherited)",
				);
				INFOPLIST_FILE = EliminateTests/Info.plist;
				LD_RUNPATH_SEARCH_PATHS = "$(inherited) @executable_path/Frameworks @loader_path/Frameworks";
				PRODUCT_NAME = "$(TARGET_NAME)";
				TEST_HOST = "$(BUILT_PRODUCTS_DIR)/Eliminate.app/Eliminate";
			};
			name = Release;
		};
/* End XCBuildConfiguration section */

/* Begin XCConfigurationList section */
		845A128E1B042BE6003FB047 /* Build configuration list for PBXProject "Eliminate" */ = {
			isa = XCConfigurationList;
			buildConfigurations = (
				845A12B41B042BE6003FB047 /* Debug */,
				845A12B51B042BE6003FB047 /* Release */,
			);
			defaultConfigurationIsVisible = 0;
			defaultConfigurationName = Release;
		};
		845A12B61B042BE6003FB047 /* Build configuration list for PBXNativeTarget "Eliminate" */ = {
			isa = XCConfigurationList;
			buildConfigurations = (
				845A12B71B042BE6003FB047 /* Debug */,
				845A12B81B042BE6003FB047 /* Release */,
			);
			defaultConfigurationIsVisible = 0;
			defaultConfigurationName = Release;
		};
		845A12B91B042BE6003FB047 /* Build configuration list for PBXNativeTarget "EliminateTests" */ = {
			isa = XCConfigurationList;
			buildConfigurations = (
				845A12BA1B042BE6003FB047 /* Debug */,
				845A12BB1B042BE6003FB047 /* Release */,
			);
			defaultConfigurationIsVisible = 0;
			defaultConfigurationName = Release;
		};
/* End XCConfigurationList section */
	};
	rootObject = 845A128B1B042BE6003FB047 /* Project object */;
}
